
Microsoft Visual Studio Solution File, Format Version 12.00
# Visual Studio Version 17
VisualStudioVersion = 17.8.34525.116
MinimumVisualStudioVersion = 10.0.40219.1
Project("{888888A0-9F3D-457C-B088-3A5042F75D52}") = "PythonApplication1 Day - 21", "PythonApplication1 Day - 21\PythonApplication1 Day - 21.pyproj", "{26A2D479-A0E5-464B-A0EA-B7BBE8F06C87}"
EndProject
Global
	GlobalSection(SolutionConfigurationPlatforms) = preSolution
		Debug|Any CPU = Debug|Any CPU
		Release|Any CPU = Release|Any CPU
	EndGlobalSection
	GlobalSection(ProjectConfigurationPlatforms) = postSolution
		{26A2D479-A0E5-464B-A0EA-B7BBE8F06C87}.Debug|Any CPU.ActiveCfg = Debug|Any CPU
		{26A2D479-A0E5-464B-A0EA-B7BBE8F06C87}.Release|Any CPU.ActiveCfg = Release|Any CPU
	EndGlobalSection
	GlobalSection(SolutionProperties) = preSolution
		HideSolutionNode = FALSE
	EndGlobalSection
	GlobalSection(ExtensibilityGlobals) = postSolution
		SolutionGuid = {FE2DCC72-0A17-432F-9D30-A224C442C2B5}
	EndGlobalSection
EndGlobal
