
Microsoft Visual Studio Solution File, Format Version 12.00
# Visual Studio Version 17
VisualStudioVersion = 17.8.34525.116
MinimumVisualStudioVersion = 10.0.40219.1
Project("{888888A0-9F3D-457C-B088-3A5042F75D52}") = "PythonApplication1 Day - 19", "PythonApplication1 Day - 19\PythonApplication1 Day - 19.pyproj", "{69A648F5-0828-4D2F-9F17-8112698C9CE0}"
EndProject
Global
	GlobalSection(SolutionConfigurationPlatforms) = preSolution
		Debug|Any CPU = Debug|Any CPU
		Release|Any CPU = Release|Any CPU
	EndGlobalSection
	GlobalSection(ProjectConfigurationPlatforms) = postSolution
		{69A648F5-0828-4D2F-9F17-8112698C9CE0}.Debug|Any CPU.ActiveCfg = Debug|Any CPU
		{69A648F5-0828-4D2F-9F17-8112698C9CE0}.Release|Any CPU.ActiveCfg = Release|Any CPU
	EndGlobalSection
	GlobalSection(SolutionProperties) = preSolution
		HideSolutionNode = FALSE
	EndGlobalSection
	GlobalSection(ExtensibilityGlobals) = postSolution
		SolutionGuid = {0F697881-D3C0-40A7-BB30-18119446C995}
	EndGlobalSection
EndGlobal
