
Microsoft Visual Studio Solution File, Format Version 12.00
# Visual Studio Version 17
VisualStudioVersion = 17.8.34525.116
MinimumVisualStudioVersion = 10.0.40219.1
Project("{888888A0-9F3D-457C-B088-3A5042F75D52}") = "PythonApplication1 Day - 20", "PythonApplication1 Day - 20\PythonApplication1 Day - 20.pyproj", "{5D60527F-C2CB-4725-807D-992372E5E68E}"
EndProject
Global
	GlobalSection(SolutionConfigurationPlatforms) = preSolution
		Debug|Any CPU = Debug|Any CPU
		Release|Any CPU = Release|Any CPU
	EndGlobalSection
	GlobalSection(ProjectConfigurationPlatforms) = postSolution
		{5D60527F-C2CB-4725-807D-992372E5E68E}.Debug|Any CPU.ActiveCfg = Debug|Any CPU
		{5D60527F-C2CB-4725-807D-992372E5E68E}.Release|Any CPU.ActiveCfg = Release|Any CPU
	EndGlobalSection
	GlobalSection(SolutionProperties) = preSolution
		HideSolutionNode = FALSE
	EndGlobalSection
	GlobalSection(ExtensibilityGlobals) = postSolution
		SolutionGuid = {8923CA1A-5441-439F-8F88-44BD71E27FDB}
	EndGlobalSection
EndGlobal
