
Microsoft Visual Studio Solution File, Format Version 12.00
# Visual Studio Version 17
VisualStudioVersion = 17.8.34525.116
MinimumVisualStudioVersion = 10.0.40219.1
Project("{888888A0-9F3D-457C-B088-3A5042F75D52}") = "PythonApplication1 Day - 6", "PythonApplication1 Day - 6\PythonApplication1 Day - 6.pyproj", "{4A1935F6-402B-41BE-AFCB-8AFAA910424B}"
EndProject
Global
	GlobalSection(SolutionConfigurationPlatforms) = preSolution
		Debug|Any CPU = Debug|Any CPU
		Release|Any CPU = Release|Any CPU
	EndGlobalSection
	GlobalSection(ProjectConfigurationPlatforms) = postSolution
		{4A1935F6-402B-41BE-AFCB-8AFAA910424B}.Debug|Any CPU.ActiveCfg = Debug|Any CPU
		{4A1935F6-402B-41BE-AFCB-8AFAA910424B}.Release|Any CPU.ActiveCfg = Release|Any CPU
	EndGlobalSection
	GlobalSection(SolutionProperties) = preSolution
		HideSolutionNode = FALSE
	EndGlobalSection
	GlobalSection(ExtensibilityGlobals) = postSolution
		SolutionGuid = {C0A2AAC5-20B9-47E6-8649-F8F3301B6AF1}
	EndGlobalSection
EndGlobal
